
Microsoft Visual Studio Solution File, Format Version 12.00
# Visual Studio Version 16
VisualStudioVersion = 16.0.30717.126
MinimumVisualStudioVersion = 10.0.40219.1
Project("{FAE04EC0-301F-11D3-BF4B-00C04F79EFBC}") = "PPEGSBFINAL", "PPEGSBFINAL\PPEGSBFINAL.csproj", "{BD0E137B-5395-403C-8DD5-DC1ED4648B9D}"
EndProject
Project("{FAE04EC0-301F-11D3-BF4B-00C04F79EFBC}") = "UnitTestProject1", "UnitTestProject1\UnitTestProject1.csproj", "{9776FB42-83E1-46D9-8ED2-664CC4B05A1E}"
EndProject
Project("{FAE04EC0-301F-11D3-BF4B-00C04F79EFBC}") = "WindowsService1", "WindowsService1\WindowsService1.csproj", "{B083204C-EB67-4C0C-9551-79220AFB76F7}"
EndProject
Global
	GlobalSection(SolutionConfigurationPlatforms) = preSolution
		Debug|Any CPU = Debug|Any CPU
		Release|Any CPU = Release|Any CPU
	EndGlobalSection
	GlobalSection(ProjectConfigurationPlatforms) = postSolution
		{BD0E137B-5395-403C-8DD5-DC1ED4648B9D}.Debug|Any CPU.ActiveCfg = Debug|Any CPU
		{BD0E137B-5395-403C-8DD5-DC1ED4648B9D}.Debug|Any CPU.Build.0 = Debug|Any CPU
		{BD0E137B-5395-403C-8DD5-DC1ED4648B9D}.Release|Any CPU.ActiveCfg = Release|Any CPU
		{BD0E137B-5395-403C-8DD5-DC1ED4648B9D}.Release|Any CPU.Build.0 = Release|Any CPU
		{9776FB42-83E1-46D9-8ED2-664CC4B05A1E}.Debug|Any CPU.ActiveCfg = Debug|Any CPU
		{9776FB42-83E1-46D9-8ED2-664CC4B05A1E}.Debug|Any CPU.Build.0 = Debug|Any CPU
		{9776FB42-83E1-46D9-8ED2-664CC4B05A1E}.Release|Any CPU.ActiveCfg = Release|Any CPU
		{9776FB42-83E1-46D9-8ED2-664CC4B05A1E}.Release|Any CPU.Build.0 = Release|Any CPU
		{B083204C-EB67-4C0C-9551-79220AFB76F7}.Debug|Any CPU.ActiveCfg = Debug|Any CPU
		{B083204C-EB67-4C0C-9551-79220AFB76F7}.Debug|Any CPU.Build.0 = Debug|Any CPU
		{B083204C-EB67-4C0C-9551-79220AFB76F7}.Release|Any CPU.ActiveCfg = Release|Any CPU
		{B083204C-EB67-4C0C-9551-79220AFB76F7}.Release|Any CPU.Build.0 = Release|Any CPU
	EndGlobalSection
	GlobalSection(SolutionProperties) = preSolution
		HideSolutionNode = FALSE
	EndGlobalSection
	GlobalSection(ExtensibilityGlobals) = postSolution
		SolutionGuid = {C2EF802C-1D0B-4E4C-9BD8-9AE6D65D9E80}
	EndGlobalSection
EndGlobal
